# THIS IS AN AUTOGENERATED FILE. DO NOT EDIT THIS FILE DIRECTLY.
# yarn lockfile v1


"@cloudware-casper/casper-icons@^2.x":
  version "2.7.3"
  resolved "https://npm.pkg.github.com/download/@cloudware-casper/casper-icons/2.7.3/b017b327390ea425c3eb5b0a33830c98a5921a7c82e5303cae39a6fe63a4e1fa#2ca45f54c9fc43029ce6bece0e4aa961d41a1128"
  integrity sha512-H78RCXvey8P9RLZsm+nAjd4cxMncBQrSNN916GbcL9VaRGAN13Z4wPiIF1izdsWqFdtEYns28CMgHiFC2FeWTQ==
  dependencies:
    "@polymer/polymer" "^3.x"

"@cloudware-casper/casper-icons@^3.x":
  version "3.0.7"
  resolved "https://npm.pkg.github.com/download/@cloudware-casper/casper-icons/3.0.7/758797540c564467103fa065e88afc3f3a785dea9f944c5267882dffbe50b22b#371927b0444532a43450bd585be686b1099cf987"
  integrity sha512-Rq9jzbYqHijIJoNLcOSplShKeENES2vaGz4JA36fPhMg7PH6ESJZAm5XEzEo7thvT8xR6zFzZXtHZ/GaCyn8HA==
  dependencies:
    ink-ripple alex-saunders/ink-ripple
    lit "^2.0.0-rc.2"

"@cloudware-casper/casper-overlay-behavior@^1.x":
  version "1.0.0"
  resolved "https://npm.pkg.github.com/download/@cloudware-casper/casper-overlay-behavior/1.0.0/00e8d24f2599c0f15ae4500d03fc71fed252251f843d35ae9ee3a63995d01fad#af4a3084958aa01d7eb9623d4dc6121893cdc235"
  integrity sha512-S7/iafhTc9ukWDOVNFMHWu9cIN78mbm/VP1JmKdS+2I7rXiKxep6W8DNfr7SsU7ix0qT38/uY8hSaqh/11gOLg==
  dependencies:
    "@polymer/iron-overlay-behavior" "^3.x"

"@cloudware-casper/casper-toast@^1.x":
  version "1.5.3"
  resolved "https://npm.pkg.github.com/download/@cloudware-casper/casper-toast/1.5.3/c518c9b79a348646b061ac55f10d46900a00d30779a2e499146bb27360d12a17#b87a0beffe852a07a476cc944369015c022cc651"
  integrity sha512-HfddqurHbhMGtpyRYRLjnDTyDAZ4Qb/ias8TVU7xKhxauIgguWgtINxO/GVI2lE7BG75K2kGjr7wSCeW74CGUw==
  dependencies:
    "@cloudware-casper/casper-icons" "^2.x"
    "@polymer/paper-toast" "^3.0.0"
    "@polymer/polymer" "^3.0.0"

"@lit/reactive-element@^1.0.0-rc.2":
  version "1.0.0-rc.4"
  resolved "https://registry.yarnpkg.com/@lit/reactive-element/-/reactive-element-1.0.0-rc.4.tgz#3473f6a687e9925fc2e9ff1b716a86b5f4b576ad"
  integrity sha512-dJMha+4NFYdpnUJzRrWTFV5Hdp9QHWFuPnaoqonrKl4lGJVnYez9mu8ev9F/5KM47tjAjh22DuRHrdFDHfOijA==

"@polymer/font-roboto@^3.0.1":
  version "3.0.2"
  resolved "https://registry.yarnpkg.com/@polymer/font-roboto/-/font-roboto-3.0.2.tgz#80cdaa7225db2359130dfb2c6d9a3be1820020c3"
  integrity sha512-tx5TauYSmzsIvmSqepUPDYbs4/Ejz2XbZ1IkD7JEGqkdNUJlh+9KU85G56Tfdk/xjEZ8zorFfN09OSwiMrIQWA==

"@polymer/iron-a11y-announcer@^3.0.0-pre.26":
  version "3.2.0"
  resolved "https://registry.yarnpkg.com/@polymer/iron-a11y-announcer/-/iron-a11y-announcer-3.2.0.tgz#d04b1301413d473336cc5797dfd97b3b36dd0cd7"
  integrity sha512-We+hyaFHcg7Ke8ovsoxUpYEXFIJLHxMCDaLehTB4dELS+C+K0zMnGSiqQvb/YzGS+nSYpAfkQIyg1msOCdHMtA==
  dependencies:
    "@polymer/polymer" "^3.0.0"

"@polymer/iron-a11y-keys-behavior@^3.0.0-pre.26":
  version "3.0.1"
  resolved "https://registry.yarnpkg.com/@polymer/iron-a11y-keys-behavior/-/iron-a11y-keys-behavior-3.0.1.tgz#2868ea72912d2007ffab4734684a91f5aac49b84"
  integrity sha512-lnrjKq3ysbBPT/74l0Fj0U9H9C35Tpw2C/tpJ8a+5g8Y3YJs1WSZYnEl1yOkw6sEyaxOq/1DkzH0+60gGu5/PQ==
  dependencies:
    "@polymer/polymer" "^3.0.0"

"@polymer/iron-behaviors@^3.0.0-pre.26":
  version "3.0.1"
  resolved "https://registry.yarnpkg.com/@polymer/iron-behaviors/-/iron-behaviors-3.0.1.tgz#a3b6f876779a7f0a91a15e4423890968b6525901"
  integrity sha512-IMEwcv1lhf1HSQxuyWOUIL0lOBwmeaoSTpgCJeP9IBYnuB1SPQngmfRuHKgK6/m9LQ9F9miC7p3HeQQUdKAE0w==
  dependencies:
    "@polymer/iron-a11y-keys-behavior" "^3.0.0-pre.26"
    "@polymer/polymer" "^3.0.0"

"@polymer/iron-checked-element-behavior@^3.0.0-pre.26":
  version "3.0.1"
  resolved "https://registry.yarnpkg.com/@polymer/iron-checked-element-behavior/-/iron-checked-element-behavior-3.0.1.tgz#7a4b49646603657ab2c5e5ca7bd97f34444fdaf5"
  integrity sha512-aDr0cbCNVq49q+pOqa6CZutFh+wWpwPMLpEth9swx+GkAj+gCURhuQkaUYhIo5f2egDbEioR1aeHMnPlU9dQZA==
  dependencies:
    "@polymer/iron-form-element-behavior" "^3.0.0-pre.26"
    "@polymer/iron-validatable-behavior" "^3.0.0-pre.26"
    "@polymer/polymer" "^3.0.0"

"@polymer/iron-fit-behavior@^3.0.0-pre.26":
  version "3.1.0"
  resolved "https://registry.yarnpkg.com/@polymer/iron-fit-behavior/-/iron-fit-behavior-3.1.0.tgz#8197a61e0ce2234e9bf8fbd7a1ae53d1a06026b0"
  integrity sha512-ABcgIYqrjhmUT8tiuolqeGttF/8pd3sEymUDrO1vXbZu4FWIvoLNndrMDFvs++AGd12Mjf5pYy84NJc6dB8Vig==
  dependencies:
    "@polymer/polymer" "^3.0.0"

"@polymer/iron-flex-layout@^3.0.0-pre.26":
  version "3.0.1"
  resolved "https://registry.yarnpkg.com/@polymer/iron-flex-layout/-/iron-flex-layout-3.0.1.tgz#36f9e1a8eb792d279b2bc75d362628721ad37f0c"
  integrity sha512-7gB869czArF+HZcPTVSgvA7tXYFze9EKckvM95NB7SqYF+NnsQyhoXgKnpFwGyo95lUjUW9TFDLUwDXnCYFtkw==
  dependencies:
    "@polymer/polymer" "^3.0.0"

"@polymer/iron-form-element-behavior@^3.0.0-pre.26":
  version "3.0.1"
  resolved "https://registry.yarnpkg.com/@polymer/iron-form-element-behavior/-/iron-form-element-behavior-3.0.1.tgz#4c79e1981d7796ce659e997f3b8f5e14b4a075a4"
  integrity sha512-G/e2KXyL5AY7mMjmomHkGpgS0uAf4ovNpKhkuUTRnMuMJuf589bKqE85KN4ovE1Tzhv2hJoh/igyD6ekHiYU1A==
  dependencies:
    "@polymer/polymer" "^3.0.0"

"@polymer/iron-icon@^3.0.0", "@polymer/iron-icon@^3.0.0-pre.26", "@polymer/iron-icon@^3.x":
  version "3.0.1"
  resolved "https://registry.yarnpkg.com/@polymer/iron-icon/-/iron-icon-3.0.1.tgz#93211c39d8825fe4965a68419566036c1df291eb"
  integrity sha512-QLPwirk+UPZNaLnMew9VludXA4CWUCenRewgEcGYwdzVgDPCDbXxy6vRJjmweZobMQv/oVLppT2JZtJFnPxX6g==
  dependencies:
    "@polymer/iron-flex-layout" "^3.0.0-pre.26"
    "@polymer/iron-meta" "^3.0.0-pre.26"
    "@polymer/polymer" "^3.0.0"

"@polymer/iron-iconset-svg@^3.0.0":
  version "3.0.1"
  resolved "https://registry.yarnpkg.com/@polymer/iron-iconset-svg/-/iron-iconset-svg-3.0.1.tgz#568d6e7dbc120299dae63be3600aeba0d30ddbea"
  integrity sha512-XNwURbNHRw6u2fJe05O5fMYye6GSgDlDqCO+q6K1zAnKIrpgZwf2vTkBd5uCcZwsN0FyCB3mvNZx4jkh85dRDw==
  dependencies:
    "@polymer/iron-meta" "^3.0.0-pre.26"
    "@polymer/polymer" "^3.0.0"

"@polymer/iron-meta@^3.0.0-pre.26":
  version "3.0.1"
  resolved "https://registry.yarnpkg.com/@polymer/iron-meta/-/iron-meta-3.0.1.tgz#7f140628d127b0a284f882f1bb323a261bc125f5"
  integrity sha512-pWguPugiLYmWFV9UWxLWzZ6gm4wBwQdDy4VULKwdHCqR7OP7u98h+XDdGZsSlDPv6qoryV/e3tGHlTIT0mbzJA==
  dependencies:
    "@polymer/polymer" "^3.0.0"

"@polymer/iron-overlay-behavior@^3.0.0-pre.27", "@polymer/iron-overlay-behavior@^3.x":
  version "3.0.3"
  resolved "https://registry.yarnpkg.com/@polymer/iron-overlay-behavior/-/iron-overlay-behavior-3.0.3.tgz#29c198e19e05bb2bcf7d86d3c11848cb93301d00"
  integrity sha512-Q/Fp0+uOQQ145ebZ7T8Cxl4m1tUKYjyymkjcL2rXUm+aDQGb1wA1M1LYxUF5YBqd+9lipE0PTIiYwA2ZL/sznA==
  dependencies:
    "@polymer/iron-a11y-keys-behavior" "^3.0.0-pre.26"
    "@polymer/iron-fit-behavior" "^3.0.0-pre.26"
    "@polymer/iron-resizable-behavior" "^3.0.0-pre.26"
    "@polymer/polymer" "^3.0.0"

"@polymer/iron-pages@^3.x":
  version "3.0.1"
  resolved "https://registry.yarnpkg.com/@polymer/iron-pages/-/iron-pages-3.0.1.tgz#b0c3639a4d51e405464c8b8bcccbe055fab401c0"
  integrity sha512-PQe8S1JKHPcsIvFOaQP+9+AXmqUIL9fPqC6xT63OAZQxYCeZJDKgT9GKBx+VRryYBUlj2FLEXkUVpG+PTotdjg==
  dependencies:
    "@polymer/iron-resizable-behavior" "^3.0.0-pre.26"
    "@polymer/iron-selector" "^3.0.0-pre.26"
    "@polymer/polymer" "^3.0.0"

"@polymer/iron-resizable-behavior@^3.0.0-pre.26":
  version "3.0.1"
  resolved "https://registry.yarnpkg.com/@polymer/iron-resizable-behavior/-/iron-resizable-behavior-3.0.1.tgz#e284348ed7c1c7e263f7039297532fa954025ea2"
  integrity sha512-FyHxRxFspVoRaeZSWpT3y0C9awomb4tXXolIJcZ7RvXhMP632V5lez+ch5G5SwK0LpnAPkg35eB0LPMFv+YMMQ==
  dependencies:
    "@polymer/polymer" "^3.0.0"

"@polymer/iron-selector@^3.0.0-pre.26":
  version "3.0.1"
  resolved "https://registry.yarnpkg.com/@polymer/iron-selector/-/iron-selector-3.0.1.tgz#e845bec58489c96b4e7609525532437869ad5a88"
  integrity sha512-sBVk2uas6prW0glUe2xEJJYlvxmYzM40Au9OKbfDK2Qekou/fLKcBRyIYI39kuI8zWRaip8f3CI8qXcUHnKb1A==
  dependencies:
    "@polymer/polymer" "^3.0.0"

"@polymer/iron-validatable-behavior@^3.0.0-pre.26":
  version "3.0.1"
  resolved "https://registry.yarnpkg.com/@polymer/iron-validatable-behavior/-/iron-validatable-behavior-3.0.1.tgz#73538f005a07741c31b6fc1e981168c3d3e0d92b"
  integrity sha512-wwpYh6wOa4fNI+jH5EYKC7TVPYQ2OfgQqocWat7GsNWcsblKYhLYbwsvEY5nO0n2xKqNfZzDLrUom5INJN7msQ==
  dependencies:
    "@polymer/iron-meta" "^3.0.0-pre.26"
    "@polymer/polymer" "^3.0.0"

"@polymer/paper-behaviors@^3.0.0-pre.27":
  version "3.0.1"
  resolved "https://registry.yarnpkg.com/@polymer/paper-behaviors/-/paper-behaviors-3.0.1.tgz#83f1cd06489f484c1b108a2967fb01952df722ad"
  integrity sha512-6knhj69fPJejv8qR0kCSUY+Q0XjaUf0OSnkjRjmTJPAwSrRYtgqE+l6P1FfA+py1X/cUjgne9EF5rMZAKJIg1g==
  dependencies:
    "@polymer/iron-behaviors" "^3.0.0-pre.26"
    "@polymer/iron-checked-element-behavior" "^3.0.0-pre.26"
    "@polymer/paper-ripple" "^3.0.0-pre.26"
    "@polymer/polymer" "^3.0.0"

"@polymer/paper-button@^3.x":
  version "3.0.1"
  resolved "https://registry.yarnpkg.com/@polymer/paper-button/-/paper-button-3.0.1.tgz#f13b019137e3f6ccc4d04d0b1f27f4830ea5774d"
  integrity sha512-JRNBc+Oj9EWnmyLr7FcCr8T1KAnEHPh6mosln9BUdkM+qYaYsudSICh3cjTIbnj6AuF5OJidoLkM1dlyj0j6Zg==
  dependencies:
    "@polymer/iron-flex-layout" "^3.0.0-pre.26"
    "@polymer/paper-behaviors" "^3.0.0-pre.27"
    "@polymer/paper-styles" "^3.0.0-pre.26"
    "@polymer/polymer" "^3.0.0"

"@polymer/paper-icon-button@^3.x":
  version "3.0.2"
  resolved "https://registry.yarnpkg.com/@polymer/paper-icon-button/-/paper-icon-button-3.0.2.tgz#a1254faadc2c8dd135ce1ae33bcc161a94c31f65"
  integrity sha512-kOdxQgnKL097bggFF6PWvsBYuWg+MCcoHoTHX6bh/MuZoWFZNjrFntFqwuB4oEbpjCpfm4moA33muPJFj7CihQ==
  dependencies:
    "@polymer/iron-icon" "^3.0.0-pre.26"
    "@polymer/paper-behaviors" "^3.0.0-pre.27"
    "@polymer/paper-styles" "^3.0.0-pre.26"
    "@polymer/polymer" "^3.0.0"

"@polymer/paper-ripple@^3.0.0-pre.26", "@polymer/paper-ripple@^3.x":
  version "3.0.2"
  resolved "https://registry.yarnpkg.com/@polymer/paper-ripple/-/paper-ripple-3.0.2.tgz#52566f5ee367942022ceaa991368105d21403de5"
  integrity sha512-DnLNvYIMsiayeICroYxx6Q6Hg1cUU8HN2sbutXazlemAlGqdq80qz3TIaVdbpbt/pvjcFGX2HtntMlPstCge8Q==
  dependencies:
    "@polymer/iron-a11y-keys-behavior" "^3.0.0-pre.26"
    "@polymer/polymer" "^3.0.0"

"@polymer/paper-styles@^3.0.0-pre.26":
  version "3.0.1"
  resolved "https://registry.yarnpkg.com/@polymer/paper-styles/-/paper-styles-3.0.1.tgz#bd4962b83ab8432cd1cf197bb5222d3a08f135e1"
  integrity sha512-y6hmObLqlCx602TQiSBKHqjwkE7xmDiFkoxdYGaNjtv4xcysOTdVJsDR/R9UHwIaxJ7gHlthMSykir1nv78++g==
  dependencies:
    "@polymer/font-roboto" "^3.0.1"
    "@polymer/iron-flex-layout" "^3.0.0-pre.26"
    "@polymer/polymer" "^3.0.0"

"@polymer/paper-toast@^3.0.0", "@polymer/paper-toast@^3.x":
  version "3.0.1"
  resolved "https://registry.yarnpkg.com/@polymer/paper-toast/-/paper-toast-3.0.1.tgz#213aa3373909cee7c8e17299cf70fa2603bfb358"
  integrity sha512-pizuogzObniDdICUc6dSLrnDt2VzzoRne1gCmbD6sfOATVv5tc8UfrqhA2iHngbNBEbniBiciS3iogdp5KTVUQ==
  dependencies:
    "@polymer/iron-a11y-announcer" "^3.0.0-pre.26"
    "@polymer/iron-fit-behavior" "^3.0.0-pre.26"
    "@polymer/iron-overlay-behavior" "^3.0.0-pre.27"
    "@polymer/polymer" "^3.0.0"

"@polymer/polymer@^3.0.0", "@polymer/polymer@^3.x":
  version "3.4.1"
  resolved "https://registry.yarnpkg.com/@polymer/polymer/-/polymer-3.4.1.tgz#333bef25711f8411bb5624fb3eba8212ef8bee96"
  integrity sha512-KPWnhDZibtqKrUz7enIPOiO4ZQoJNOuLwqrhV2MXzIt3VVnUVJVG5ORz4Z2sgO+UZ+/UZnPD0jqY+jmw/+a9mQ==
  dependencies:
    "@webcomponents/shadycss" "^1.9.1"

"@types/trusted-types@^2.0.2":
  version "2.0.2"
  resolved "https://registry.yarnpkg.com/@types/trusted-types/-/trusted-types-2.0.2.tgz#fc25ad9943bcac11cceb8168db4f275e0e72e756"
  integrity sha512-F5DIZ36YVLE+PN+Zwws4kJogq47hNgX3Nx6WyDJ3kcplxyke3XIzB8uK5n/Lpm1HBsbGzd6nmGehL8cPekP+Tg==

"@vaadin/vaadin-button@^2.4.0":
  version "2.4.0"
  resolved "https://registry.yarnpkg.com/@vaadin/vaadin-button/-/vaadin-button-2.4.0.tgz#ecbdd0bf57d9992ec861ee912af0b78315ce5993"
  integrity sha512-C94F07OOb5Ciq2BY4CklIQG+WJFA6QoTFDQl8JJloJgPI12b9kmyP8uRgfq4VAHHusqKqIvA8AB6VZuGg5lagg==
  dependencies:
    "@polymer/polymer" "^3.0.0"
    "@vaadin/vaadin-control-state-mixin" "^2.2.1"
    "@vaadin/vaadin-element-mixin" "^2.4.1"
    "@vaadin/vaadin-lumo-styles" "^1.3.3"
    "@vaadin/vaadin-material-styles" "^1.2.0"
    "@vaadin/vaadin-themable-mixin" "^1.6.1"

"@vaadin/vaadin-control-state-mixin@^2.2.1":
  version "2.2.4"
  resolved "https://registry.yarnpkg.com/@vaadin/vaadin-control-state-mixin/-/vaadin-control-state-mixin-2.2.4.tgz#9c3779228ada8a9062ad18356e6a9a4317b8a162"
  integrity sha512-oGsNaWbM6RisY1LkyWYtwnw+DtSRSpkFDbemEOtkYezj+Hhsd9+07LqILaUU4pB0zPaRq+uq+2tKba/TL3t23g==
  dependencies:
    "@polymer/polymer" "^3.0.0"

"@vaadin/vaadin-development-mode-detector@^2.0.0":
  version "2.0.4"
  resolved "https://registry.yarnpkg.com/@vaadin/vaadin-development-mode-detector/-/vaadin-development-mode-detector-2.0.4.tgz#f49c8009856bead92d248377c36b295b5aae78e5"
  integrity sha512-S+PaFrZpK8uBIOnIHxjntTrgumd5ztuCnZww96ydGKXgo9whXfZsbMwDuD/102a/IuPUMyF+dh/n3PbWzJ6igA==

"@vaadin/vaadin-element-mixin@^2.4.1":
  version "2.4.2"
  resolved "https://registry.yarnpkg.com/@vaadin/vaadin-element-mixin/-/vaadin-element-mixin-2.4.2.tgz#3c8040a8e756bc274b7777723b1fba2b9895cd41"
  integrity sha512-VSDVK0XUsFe/RohpwSzQwgqb2Pwpok6sDNhIDS4CARr3HPhq2voMzT/FowFbkEy0J1hFtN/ZfC7tkv3kdEKKIQ==
  dependencies:
    "@polymer/polymer" "^3.0.0"
    "@vaadin/vaadin-development-mode-detector" "^2.0.0"
    "@vaadin/vaadin-usage-statistics" "^2.1.0"

"@vaadin/vaadin-lumo-styles@^1.1.0", "@vaadin/vaadin-lumo-styles@^1.3.3":
  version "1.6.1"
  resolved "https://registry.yarnpkg.com/@vaadin/vaadin-lumo-styles/-/vaadin-lumo-styles-1.6.1.tgz#2099227b0f646ead16f7289e704b6a793594bf5c"
  integrity sha512-Yh9ZcekpY7byXP1QJnfx94rVvK71xHBEspsVV7LL7YMvqXU4EAYuzQGYsljryV4PGS9PFPD6sqbGqhEkIhHPnQ==
  dependencies:
    "@polymer/iron-icon" "^3.0.0"
    "@polymer/iron-iconset-svg" "^3.0.0"
    "@polymer/polymer" "^3.0.0"

"@vaadin/vaadin-material-styles@^1.1.0", "@vaadin/vaadin-material-styles@^1.2.0":
  version "1.3.2"
  resolved "https://registry.yarnpkg.com/@vaadin/vaadin-material-styles/-/vaadin-material-styles-1.3.2.tgz#d2c1bd290db16721152ae672dbe052c381686696"
  integrity sha512-EFrvGScoxhLNrPnWtT2Ia77whjF2TD4jrcyeh1jv9joCA2n5SUba+4XJciVSGmopqqQato6lwRnZSvMLJX7cyw==
  dependencies:
    "@polymer/polymer" "^3.0.0"

"@vaadin/vaadin-progress-bar@^1.3.0", "@vaadin/vaadin-progress-bar@^1.x":
  version "1.3.0"
  resolved "https://registry.yarnpkg.com/@vaadin/vaadin-progress-bar/-/vaadin-progress-bar-1.3.0.tgz#d18485e3064accea52e567b6235fa05d3e3309ef"
  integrity sha512-kPkG2M99UHHJVMX8TNN++KdU/rLTsDuDTNLUypcNVWDGDo0oHOY2P29yqwu8x6rGM3bIzgyQIgNSukKmIAjYcQ==
  dependencies:
    "@polymer/polymer" "^3.0.0"
    "@vaadin/vaadin-element-mixin" "^2.4.1"
    "@vaadin/vaadin-lumo-styles" "^1.1.0"
    "@vaadin/vaadin-material-styles" "^1.1.0"
    "@vaadin/vaadin-themable-mixin" "^1.6.1"

"@vaadin/vaadin-themable-mixin@^1.6.1":
  version "1.6.2"
  resolved "https://registry.yarnpkg.com/@vaadin/vaadin-themable-mixin/-/vaadin-themable-mixin-1.6.2.tgz#8d619722819ba850af777579a550ff8b1d2b960f"
  integrity sha512-PZZOZnke3KUlZsDrRVbWxAGEeFBPRyRayNRCvip0XnQK+Zs3cLuRgdgbdro3Ir9LZ3Izsw6HqA6XNMKffEP67A==
  dependencies:
    "@polymer/polymer" "^3.0.0"
    lit-element "^2.0.0"

"@vaadin/vaadin-upload@^4.x":
  version "4.4.1"
  resolved "https://registry.yarnpkg.com/@vaadin/vaadin-upload/-/vaadin-upload-4.4.1.tgz#7714bf385e0c9f843dac4877edc6b49435cd280c"
  integrity sha512-2ghzKd7AhdUAQ1SmXTeplNYpQ/q2Zx8WFzLj3l3BGpOTd4pmW204SvqBlBf1k0gxF+4gehV5xtEMqih4TQDuHg==
  dependencies:
    "@polymer/polymer" "^3.0.0"
    "@vaadin/vaadin-button" "^2.4.0"
    "@vaadin/vaadin-element-mixin" "^2.4.1"
    "@vaadin/vaadin-lumo-styles" "^1.1.0"
    "@vaadin/vaadin-material-styles" "^1.1.0"
    "@vaadin/vaadin-progress-bar" "^1.3.0"
    "@vaadin/vaadin-themable-mixin" "^1.6.1"

"@vaadin/vaadin-usage-statistics@^2.1.0":
  version "2.1.0"
  resolved "https://registry.yarnpkg.com/@vaadin/vaadin-usage-statistics/-/vaadin-usage-statistics-2.1.0.tgz#9c0fd71dded80f401bcdfbcb3f45b5640fc4256d"
  integrity sha512-e81nbqY5zsaYhLJuOVkJkB/Um1pGK5POIqIlTNhUfjeoyGaJ63tiX8+D5n6F+GgVxUTLUarsKa6SKRcQel0AzA==
  dependencies:
    "@vaadin/vaadin-development-mode-detector" "^2.0.0"

"@webcomponents/shadycss@^1.9.1":
  version "1.10.2"
  resolved "https://registry.yarnpkg.com/@webcomponents/shadycss/-/shadycss-1.10.2.tgz#40e03cab6dc5e12f199949ba2b79e02f183d1e7b"
  integrity sha512-9Iseu8bRtecb0klvv+WXZOVZatsRkbaH7M97Z+f+Pt909R4lDfgUODAnra23DOZTpeMTAkVpf4m/FZztN7Ox1A==

"ink-ripple@github:alex-saunders/ink-ripple":
  version "0.0.0"
  resolved "https://codeload.github.com/alex-saunders/ink-ripple/tar.gz/88e4d753bba9f7b57b372c62a4517bb091c7f713"

lit-element@^2.0.0:
  version "2.5.1"
  resolved "https://registry.yarnpkg.com/lit-element/-/lit-element-2.5.1.tgz#3fa74b121a6cd22902409ae3859b7847d01aa6b6"
  integrity sha512-ogu7PiJTA33bEK0xGu1dmaX5vhcRjBXCFexPja0e7P7jqLhTpNKYRPmE+GmiCaRVAbiQKGkUgkh/i6+bh++dPQ==
  dependencies:
    lit-html "^1.1.1"

lit-element@^3.0.0-rc.2:
  version "3.0.0-rc.4"
  resolved "https://registry.yarnpkg.com/lit-element/-/lit-element-3.0.0-rc.4.tgz#71abe4e38bbcafb9e8977798121634db331868e4"
  integrity sha512-6X7RCHTNhAWetVSr8VccALnRcn3W3VDqOfjY5cAfyfGq8Y9IbWnyBP8/ihpRg2atHbM2NsGL6pjDrFL9dRdIKg==
  dependencies:
    "@lit/reactive-element" "^1.0.0-rc.2"
    lit-html "^2.0.0-rc.4"

lit-html@^1.1.1:
  version "1.4.1"
  resolved "https://registry.yarnpkg.com/lit-html/-/lit-html-1.4.1.tgz#0c6f3ee4ad4eb610a49831787f0478ad8e9ae5e0"
  integrity sha512-B9btcSgPYb1q4oSOb/PrOT6Z/H+r6xuNzfH4lFli/AWhYwdtrgQkQWBbIc6mdnf6E2IL3gDXdkkqNktpU0OZQA==

lit-html@^2.0.0-rc.4:
  version "2.0.0-rc.5"
  resolved "https://registry.yarnpkg.com/lit-html/-/lit-html-2.0.0-rc.5.tgz#2051f79418bc244853b6e1d93fdf3833cab2cadb"
  integrity sha512-vFnjzqwQijC9By5F50c3sjI5PXPYoIvbGfpbbDOv+8BBRYdMR+FDYyMeCC3T3iIZx8EE6aIow2aTaG+HS5SV4A==
  dependencies:
    "@types/trusted-types" "^2.0.2"

lit@^2.0.0-rc.2:
  version "2.0.0-rc.4"
  resolved "https://registry.yarnpkg.com/lit/-/lit-2.0.0-rc.4.tgz#ea9eb44fa5cc974b7af4a45f8d82172d0b3f9c26"
  integrity sha512-HPJrSvK377a1E5eSAUG+eTJWIOJFGNtnfbGPHY4vbc0Ud9GTFSwMEbeAOIJnA+5q92cafR38F1bWOyo4a2ncag==
  dependencies:
    "@lit/reactive-element" "^1.0.0-rc.2"
    lit-element "^3.0.0-rc.2"
    lit-html "^2.0.0-rc.4"
